
Microsoft Visual Studio Solution File, Format Version 10.00
# Visual Studio 2008
Project("{E24C65DC-7377-472B-9ABA-BC803B73C61A}") = "OnLineExam", "OnLineExam\", "{BC379D78-593D-40AA-82E9-82930AD7943D}"
	ProjectSection(WebsiteProperties) = preProject
		SccProjectName = "Svn"
		SccAuxPath = "Svn"
		SccLocalPath = "Svn"
		SccProvider = "SubversionScc"
		TargetFramework = "3.5"
		Debug.AspNetCompiler.VirtualPath = "/OnLineExam"
		Debug.AspNetCompiler.PhysicalPath = "OnLineExam\"
		Debug.AspNetCompiler.TargetPath = "PrecompiledWeb\OnLineExam\"
		Debug.AspNetCompiler.Updateable = "true"
		Debug.AspNetCompiler.ForceOverwrite = "true"
		Debug.AspNetCompiler.FixedNames = "false"
		Debug.AspNetCompiler.Debug = "True"
		Release.AspNetCompiler.VirtualPath = "/OnLineExam"
		Release.AspNetCompiler.PhysicalPath = "OnLineExam\"
		Release.AspNetCompiler.TargetPath = "PrecompiledWeb\OnLineExam\"
		Release.AspNetCompiler.Updateable = "true"
		Release.AspNetCompiler.ForceOverwrite = "true"
		Release.AspNetCompiler.FixedNames = "false"
		Release.AspNetCompiler.Debug = "False"
		VWDPort = "33183"
	EndProjectSection
EndProject
Project("{FAE04EC0-301F-11D3-BF4B-00C04F79EFBC}") = "OnLineExamBLL", "OnLineExamBLL\OnLineExamBLL.csproj", "{32FE4FE0-3F10-4334-BA3F-3C8CA37BE38D}"
EndProject
Project("{FAE04EC0-301F-11D3-BF4B-00C04F79EFBC}") = "OnLineExamDAL", "OnLineExamDAL\OnLineExamDAL.csproj", "{13C1086D-A785-4234-BC31-B26CECED9659}"
EndProject
Project("{FAE04EC0-301F-11D3-BF4B-00C04F79EFBC}") = "OnLineExamModel", "OnLineExamModel\OnLineExamModel.csproj", "{BD72F5B9-F917-4F82-ABCD-47925BF6660F}"
EndProject
Project("{FAE04EC0-301F-11D3-BF4B-00C04F79EFBC}") = "OnLineExamDALWS", "OnLineExamDALWS\OnLineExamDALWS.csproj", "{C9254560-24CA-4D8A-BA8A-7F7DF2F2EFF3}"
EndProject
Project("{FAE04EC0-301F-11D3-BF4B-00C04F79EFBC}") = "OnLineExamBLLWS", "OnLineExamBLLWS\OnLineExamBLLWS.csproj", "{EFEA1010-A1FC-45B7-8238-E9322759ADF0}"
EndProject
Global
	GlobalSection(SubversionScc) = preSolution
		Svn-Managed = True
		Manager = AnkhSVN - Subversion Support for Visual Studio
	EndGlobalSection
	GlobalSection(SolutionConfigurationPlatforms) = preSolution
		Debug|Any CPU = Debug|Any CPU
		Release|Any CPU = Release|Any CPU
	EndGlobalSection
	GlobalSection(ProjectConfigurationPlatforms) = postSolution
		{BC379D78-593D-40AA-82E9-82930AD7943D}.Debug|Any CPU.ActiveCfg = Debug|Any CPU
		{BC379D78-593D-40AA-82E9-82930AD7943D}.Debug|Any CPU.Build.0 = Debug|Any CPU
		{BC379D78-593D-40AA-82E9-82930AD7943D}.Release|Any CPU.ActiveCfg = Debug|Any CPU
		{BC379D78-593D-40AA-82E9-82930AD7943D}.Release|Any CPU.Build.0 = Debug|Any CPU
		{32FE4FE0-3F10-4334-BA3F-3C8CA37BE38D}.Debug|Any CPU.ActiveCfg = Debug|Any CPU
		{32FE4FE0-3F10-4334-BA3F-3C8CA37BE38D}.Debug|Any CPU.Build.0 = Debug|Any CPU
		{32FE4FE0-3F10-4334-BA3F-3C8CA37BE38D}.Release|Any CPU.ActiveCfg = Release|Any CPU
		{32FE4FE0-3F10-4334-BA3F-3C8CA37BE38D}.Release|Any CPU.Build.0 = Release|Any CPU
		{13C1086D-A785-4234-BC31-B26CECED9659}.Debug|Any CPU.ActiveCfg = Debug|Any CPU
		{13C1086D-A785-4234-BC31-B26CECED9659}.Debug|Any CPU.Build.0 = Debug|Any CPU
		{13C1086D-A785-4234-BC31-B26CECED9659}.Release|Any CPU.ActiveCfg = Release|Any CPU
		{13C1086D-A785-4234-BC31-B26CECED9659}.Release|Any CPU.Build.0 = Release|Any CPU
		{BD72F5B9-F917-4F82-ABCD-47925BF6660F}.Debug|Any CPU.ActiveCfg = Debug|Any CPU
		{BD72F5B9-F917-4F82-ABCD-47925BF6660F}.Debug|Any CPU.Build.0 = Debug|Any CPU
		{BD72F5B9-F917-4F82-ABCD-47925BF6660F}.Release|Any CPU.ActiveCfg = Release|Any CPU
		{BD72F5B9-F917-4F82-ABCD-47925BF6660F}.Release|Any CPU.Build.0 = Release|Any CPU
		{C9254560-24CA-4D8A-BA8A-7F7DF2F2EFF3}.Debug|Any CPU.ActiveCfg = Debug|Any CPU
		{C9254560-24CA-4D8A-BA8A-7F7DF2F2EFF3}.Debug|Any CPU.Build.0 = Debug|Any CPU
		{C9254560-24CA-4D8A-BA8A-7F7DF2F2EFF3}.Release|Any CPU.ActiveCfg = Release|Any CPU
		{C9254560-24CA-4D8A-BA8A-7F7DF2F2EFF3}.Release|Any CPU.Build.0 = Release|Any CPU
		{EFEA1010-A1FC-45B7-8238-E9322759ADF0}.Debug|Any CPU.ActiveCfg = Debug|Any CPU
		{EFEA1010-A1FC-45B7-8238-E9322759ADF0}.Debug|Any CPU.Build.0 = Debug|Any CPU
		{EFEA1010-A1FC-45B7-8238-E9322759ADF0}.Release|Any CPU.ActiveCfg = Release|Any CPU
		{EFEA1010-A1FC-45B7-8238-E9322759ADF0}.Release|Any CPU.Build.0 = Release|Any CPU
	EndGlobalSection
	GlobalSection(SolutionProperties) = preSolution
		HideSolutionNode = FALSE
	EndGlobalSection
EndGlobal
